
Microsoft Visual Studio Solution File, Format Version 12.00
# Visual Studio Version 17
VisualStudioVersion = 17.8.34330.188
MinimumVisualStudioVersion = 10.0.40219.1
Project("{8BC9CEB8-8B4A-11D0-8D11-00A0C91BC942}") = "Algorithms_orgraph", "Algorithms_orgraph.vcxproj", "{B5F7E242-648D-4FEC-A30B-CDEDEA06A130}"
EndProject
Global
	GlobalSection(SolutionConfigurationPlatforms) = preSolution
		Debug|x64 = Debug|x64
		Debug|x86 = Debug|x86
		Release|x64 = Release|x64
		Release|x86 = Release|x86
	EndGlobalSection
	GlobalSection(ProjectConfigurationPlatforms) = postSolution
		{B5F7E242-648D-4FEC-A30B-CDEDEA06A130}.Debug|x64.ActiveCfg = Debug|x64
		{B5F7E242-648D-4FEC-A30B-CDEDEA06A130}.Debug|x64.Build.0 = Debug|x64
		{B5F7E242-648D-4FEC-A30B-CDEDEA06A130}.Debug|x86.ActiveCfg = Debug|Win32
		{B5F7E242-648D-4FEC-A30B-CDEDEA06A130}.Debug|x86.Build.0 = Debug|Win32
		{B5F7E242-648D-4FEC-A30B-CDEDEA06A130}.Release|x64.ActiveCfg = Release|x64
		{B5F7E242-648D-4FEC-A30B-CDEDEA06A130}.Release|x64.Build.0 = Release|x64
		{B5F7E242-648D-4FEC-A30B-CDEDEA06A130}.Release|x86.ActiveCfg = Release|Win32
		{B5F7E242-648D-4FEC-A30B-CDEDEA06A130}.Release|x86.Build.0 = Release|Win32
	EndGlobalSection
	GlobalSection(SolutionProperties) = preSolution
		HideSolutionNode = FALSE
	EndGlobalSection
	GlobalSection(ExtensibilityGlobals) = postSolution
		SolutionGuid = {8CF78B5A-7EED-414B-A9AC-8748F2B6BA83}
	EndGlobalSection
EndGlobal
